{
  "name": "curso-angular-ud",
  "version": "0.0.0",
  "lockfileVersion": 1,
  "requires": true,
  "dependencies": {
    "@angular/animations": {
      "version": "11.2.14",
      "resolved": "http://artifactory.santanderbr.corp/artifactory/api/npm/npm-all/@angular/animations/-/animations-11.2.14.tgz",
      "integrity": "sha1-zxGep3m/Eb03WfE1XIXk6OnnuwM=",
      "requires": {
        "tslib": "^2.0.0"
      }
    },
    "@angular/common": {
      "version": "11.2.14",
      "resolved": "http://artifactory.santanderbr.corp/artifactory/api/npm/npm-all/@angular/common/-/common-11.2.14.tgz",
      "integrity": "sha1-Uohyd7CuBDjlhPmul7QX7lGmlLU=",
      "requires": {
        "tslib": "^2.0.0"
      }
    },
    "@angular/compiler": {
      "version": "11.2.14",
      "resolved": "http://artifactory.santanderbr.corp/artifactory/api/npm/npm-all/@angular/compiler/-/compiler-11.2.14.tgz",
      "integrity": "sha1-nT6ia00thYqrk19pr54gH1NFOg8=",
      "requires": {
        "tslib": "^2.0.0"
      }
    },
    "@angular/core": {
      "version": "11.2.14",
      "resolved": "http://artifactory.santanderbr.corp/artifactory/api/npm/npm-all/@angular/core/-/core-11.2.14.tgz",
      "integrity": "sha1-Pr4pjHnVQT3GcNVrf1A71NeI1Kg=",
      "requires": {
        "tslib": "^2.0.0"
      }
    },
    "@angular/forms": {
      "version": "11.2.14",
      "resolved": "http://artifactory.santanderbr.corp/artifactory/api/npm/npm-all/@angular/forms/-/forms-11.2.14.tgz",
      "integrity": "sha1-3IWECPdkf0/QM5lqA6p03xigIHk=",
      "requires": {
        "tslib": "^2.0.0"
      }
    },
    "@angular/platform-browser": {
      "version": "11.2.14",
      "resolved": "http://artifactory.santanderbr.corp/artifactory/api/npm/npm-all/@angular/platform-browser/-/platform-browser-11.2.14.tgz",
      "integrity": "sha1-5SrXpUpCqGUDOhflfiEwE5GfGx0=",
      "requires": {
        "tslib": "^2.0.0"
      }
    },
    "@angular/platform-browser-dynamic": {
      "version": "11.2.14",
      "resolved": "http://artifactory.santanderbr.corp/artifactory/api/npm/npm-all/@angular/platform-browser-dynamic/-/platform-browser-dynamic-11.2.14.tgz",
      "integrity": "sha1-PH//Gh2qy6U5Cs8DPSjDd+woEWY=",
      "requires": {
        "tslib": "^2.0.0"
      }
    },
    "@angular/router": {
      "version": "11.2.14",
      "resolved": "http://artifactory.santanderbr.corp/artifactory/api/npm/npm-all/@angular/router/-/router-11.2.14.tgz",
      "integrity": "sha1-So620BChpFyOfww7W3BZWb22kpQ=",
      "requires": {
        "tslib": "^2.0.0"
      }
    },
    "rxjs": {
      "version": "6.6.7",
      "resolved": "http://artifactory.santanderbr.corp/artifactory/api/npm/npm-all/rxjs/-/rxjs-6.6.7.tgz",
      "integrity": "sha1-kKwBisq/SRv2UEQjXVhjxNq4BMk=",
      "requires": {
        "tslib": "^1.9.0"
      },
      "dependencies": {
        "tslib": {
          "version": "1.14.1",
          "resolved": "http://artifactory.santanderbr.corp/artifactory/api/npm/npm-all/tslib/-/tslib-1.14.1.tgz",
          "integrity": "sha1-zy04vcNKE0vK8QkcQfZhni9nLQA="
        }
      }
    },
    "tslib": {
      "version": "2.3.1",
      "resolved": "http://artifactory.santanderbr.corp/artifactory/api/npm/npm-all/tslib/-/tslib-2.3.1.tgz",
      "integrity": "sha1-6KM1rdXOrlGqJh0ypJAVjvBC7wE="
    },
    "zone.js": {
      "version": "0.11.4",
      "resolved": "http://artifactory.santanderbr.corp/artifactory/api/npm/npm-all/zone.js/-/zone.js-0.11.4.tgz",
      "integrity": "sha1-D3Dc9quoD2mK9XNcuyV5aTlugCU=",
      "requires": {
        "tslib": "^2.0.0"
      }
    }
  }
}
